
Microsoft Visual Studio Solution File, Format Version 12.00
# Visual Studio 15
VisualStudioVersion = 15.0.27004.2009
MinimumVisualStudioVersion = 10.0.40219.1
Project("{8BC9CEB8-8B4A-11D0-8D11-00A0C91BC942}") = "voltron", "voltron\voltron.vcxproj", "{98E17721-E8EE-424F-9221-DBE71B3EA4FE}"
EndProject
Global
	GlobalSection(SolutionConfigurationPlatforms) = preSolution
		Debug|x64 = Debug|x64
		Debug|x86 = Debug|x86
		Release|x64 = Release|x64
		Release|x86 = Release|x86
	EndGlobalSection
	GlobalSection(ProjectConfigurationPlatforms) = postSolution
		{98E17721-E8EE-424F-9221-DBE71B3EA4FE}.Debug|x64.ActiveCfg = Debug|x64
		{98E17721-E8EE-424F-9221-DBE71B3EA4FE}.Debug|x64.Build.0 = Debug|x64
		{98E17721-E8EE-424F-9221-DBE71B3EA4FE}.Debug|x86.ActiveCfg = Debug|Win32
		{98E17721-E8EE-424F-9221-DBE71B3EA4FE}.Debug|x86.Build.0 = Debug|Win32
		{98E17721-E8EE-424F-9221-DBE71B3EA4FE}.Release|x64.ActiveCfg = Release|x64
		{98E17721-E8EE-424F-9221-DBE71B3EA4FE}.Release|x64.Build.0 = Release|x64
		{98E17721-E8EE-424F-9221-DBE71B3EA4FE}.Release|x86.ActiveCfg = Release|Win32
		{98E17721-E8EE-424F-9221-DBE71B3EA4FE}.Release|x86.Build.0 = Release|Win32
	EndGlobalSection
	GlobalSection(SolutionProperties) = preSolution
		HideSolutionNode = FALSE
	EndGlobalSection
	GlobalSection(ExtensibilityGlobals) = postSolution
		SolutionGuid = {AD74A2C2-B57C-45EB-A20C-63E805850042}
	EndGlobalSection
EndGlobal
